
Microsoft Visual Studio Solution File, Format Version 12.00
# Visual Studio Version 17
VisualStudioVersion = 17.0.31903.59
MinimumVisualStudioVersion = 10.0.40219.1
Project("{FAE04EC0-301F-11D3-BF4B-00C04F79EFBC}") = "ExerciseTracker.Api", "ExerciseTracker.Api.csproj", "{C484C15E-0B56-46D0-8A30-3EE6DCF61404}"
EndProject
Global
	GlobalSection(SolutionConfigurationPlatforms) = preSolution
		Debug|Any CPU = Debug|Any CPU
		Release|Any CPU = Release|Any CPU
	EndGlobalSection
	GlobalSection(ProjectConfigurationPlatforms) = postSolution
		{C484C15E-0B56-46D0-8A30-3EE6DCF61404}.Debug|Any CPU.ActiveCfg = Debug|Any CPU
		{C484C15E-0B56-46D0-8A30-3EE6DCF61404}.Debug|Any CPU.Build.0 = Debug|Any CPU
		{C484C15E-0B56-46D0-8A30-3EE6DCF61404}.Release|Any CPU.ActiveCfg = Release|Any CPU
		{C484C15E-0B56-46D0-8A30-3EE6DCF61404}.Release|Any CPU.Build.0 = Release|Any CPU
	EndGlobalSection
	GlobalSection(SolutionProperties) = preSolution
		HideSolutionNode = FALSE
	EndGlobalSection
	GlobalSection(ExtensibilityGlobals) = postSolution
		SolutionGuid = {3C7A1EA4-F755-4141-B894-7E03B1EA2B52}
	EndGlobalSection
EndGlobal
